
Microsoft Visual Studio Solution File, Format Version 12.00
# Visual Studio Version 16
VisualStudioVersion = 16.0.30114.105
MinimumVisualStudioVersion = 10.0.40219.1
Project("{FAE04EC0-301F-11D3-BF4B-00C04F79EFBC}") = "API", "API\API.csproj", "{F9AFE5C8-BCD4-499A-A52A-1DDF072DB8FF}"
EndProject
Project("{FAE04EC0-301F-11D3-BF4B-00C04F79EFBC}") = "Core", "Core\Core.csproj", "{DE23F36F-B749-4B99-9FA2-9DDAC1D907F3}"
EndProject
Project("{FAE04EC0-301F-11D3-BF4B-00C04F79EFBC}") = "Infrastructure", "Infrastructure\Infrastructure.csproj", "{EA830591-B5DE-4547-86C5-02747BC7EA4D}"
EndProject
Global
	GlobalSection(SolutionConfigurationPlatforms) = preSolution
		Debug|Any CPU = Debug|Any CPU
		Debug|x64 = Debug|x64
		Debug|x86 = Debug|x86
		Release|Any CPU = Release|Any CPU
		Release|x64 = Release|x64
		Release|x86 = Release|x86
	EndGlobalSection
	GlobalSection(SolutionProperties) = preSolution
		HideSolutionNode = FALSE
	EndGlobalSection
	GlobalSection(ProjectConfigurationPlatforms) = postSolution
		{F9AFE5C8-BCD4-499A-A52A-1DDF072DB8FF}.Debug|Any CPU.ActiveCfg = Debug|Any CPU
		{F9AFE5C8-BCD4-499A-A52A-1DDF072DB8FF}.Debug|Any CPU.Build.0 = Debug|Any CPU
		{F9AFE5C8-BCD4-499A-A52A-1DDF072DB8FF}.Debug|x64.ActiveCfg = Debug|Any CPU
		{F9AFE5C8-BCD4-499A-A52A-1DDF072DB8FF}.Debug|x64.Build.0 = Debug|Any CPU
		{F9AFE5C8-BCD4-499A-A52A-1DDF072DB8FF}.Debug|x86.ActiveCfg = Debug|Any CPU
		{F9AFE5C8-BCD4-499A-A52A-1DDF072DB8FF}.Debug|x86.Build.0 = Debug|Any CPU
		{F9AFE5C8-BCD4-499A-A52A-1DDF072DB8FF}.Release|Any CPU.ActiveCfg = Release|Any CPU
		{F9AFE5C8-BCD4-499A-A52A-1DDF072DB8FF}.Release|Any CPU.Build.0 = Release|Any CPU
		{F9AFE5C8-BCD4-499A-A52A-1DDF072DB8FF}.Release|x64.ActiveCfg = Release|Any CPU
		{F9AFE5C8-BCD4-499A-A52A-1DDF072DB8FF}.Release|x64.Build.0 = Release|Any CPU
		{F9AFE5C8-BCD4-499A-A52A-1DDF072DB8FF}.Release|x86.ActiveCfg = Release|Any CPU
		{F9AFE5C8-BCD4-499A-A52A-1DDF072DB8FF}.Release|x86.Build.0 = Release|Any CPU
		{DE23F36F-B749-4B99-9FA2-9DDAC1D907F3}.Debug|Any CPU.ActiveCfg = Debug|Any CPU
		{DE23F36F-B749-4B99-9FA2-9DDAC1D907F3}.Debug|Any CPU.Build.0 = Debug|Any CPU
		{DE23F36F-B749-4B99-9FA2-9DDAC1D907F3}.Debug|x64.ActiveCfg = Debug|Any CPU
		{DE23F36F-B749-4B99-9FA2-9DDAC1D907F3}.Debug|x64.Build.0 = Debug|Any CPU
		{DE23F36F-B749-4B99-9FA2-9DDAC1D907F3}.Debug|x86.ActiveCfg = Debug|Any CPU
		{DE23F36F-B749-4B99-9FA2-9DDAC1D907F3}.Debug|x86.Build.0 = Debug|Any CPU
		{DE23F36F-B749-4B99-9FA2-9DDAC1D907F3}.Release|Any CPU.ActiveCfg = Release|Any CPU
		{DE23F36F-B749-4B99-9FA2-9DDAC1D907F3}.Release|Any CPU.Build.0 = Release|Any CPU
		{DE23F36F-B749-4B99-9FA2-9DDAC1D907F3}.Release|x64.ActiveCfg = Release|Any CPU
		{DE23F36F-B749-4B99-9FA2-9DDAC1D907F3}.Release|x64.Build.0 = Release|Any CPU
		{DE23F36F-B749-4B99-9FA2-9DDAC1D907F3}.Release|x86.ActiveCfg = Release|Any CPU
		{DE23F36F-B749-4B99-9FA2-9DDAC1D907F3}.Release|x86.Build.0 = Release|Any CPU
		{EA830591-B5DE-4547-86C5-02747BC7EA4D}.Debug|Any CPU.ActiveCfg = Debug|Any CPU
		{EA830591-B5DE-4547-86C5-02747BC7EA4D}.Debug|Any CPU.Build.0 = Debug|Any CPU
		{EA830591-B5DE-4547-86C5-02747BC7EA4D}.Debug|x64.ActiveCfg = Debug|Any CPU
		{EA830591-B5DE-4547-86C5-02747BC7EA4D}.Debug|x64.Build.0 = Debug|Any CPU
		{EA830591-B5DE-4547-86C5-02747BC7EA4D}.Debug|x86.ActiveCfg = Debug|Any CPU
		{EA830591-B5DE-4547-86C5-02747BC7EA4D}.Debug|x86.Build.0 = Debug|Any CPU
		{EA830591-B5DE-4547-86C5-02747BC7EA4D}.Release|Any CPU.ActiveCfg = Release|Any CPU
		{EA830591-B5DE-4547-86C5-02747BC7EA4D}.Release|Any CPU.Build.0 = Release|Any CPU
		{EA830591-B5DE-4547-86C5-02747BC7EA4D}.Release|x64.ActiveCfg = Release|Any CPU
		{EA830591-B5DE-4547-86C5-02747BC7EA4D}.Release|x64.Build.0 = Release|Any CPU
		{EA830591-B5DE-4547-86C5-02747BC7EA4D}.Release|x86.ActiveCfg = Release|Any CPU
		{EA830591-B5DE-4547-86C5-02747BC7EA4D}.Release|x86.Build.0 = Release|Any CPU
	EndGlobalSection
EndGlobal
